
Microsoft Visual Studio Solution File, Format Version 12.00
# Visual Studio Version 16
VisualStudioVersion = 16.0.31624.102
MinimumVisualStudioVersion = 10.0.40219.1
Project("{FAE04EC0-301F-11D3-BF4B-00C04F79EFBC}") = "MvcMovie", "MvcMovie\MvcMovie.csproj", "{A00EAC0E-BB7C-4514-A89E-97D00E906E86}"
EndProject
Global
	GlobalSection(SolutionConfigurationPlatforms) = preSolution
		Debug|Any CPU = Debug|Any CPU
		Release|Any CPU = Release|Any CPU
	EndGlobalSection
	GlobalSection(ProjectConfigurationPlatforms) = postSolution
		{A00EAC0E-BB7C-4514-A89E-97D00E906E86}.Debug|Any CPU.ActiveCfg = Debug|Any CPU
		{A00EAC0E-BB7C-4514-A89E-97D00E906E86}.Debug|Any CPU.Build.0 = Debug|Any CPU
		{A00EAC0E-BB7C-4514-A89E-97D00E906E86}.Release|Any CPU.ActiveCfg = Release|Any CPU
		{A00EAC0E-BB7C-4514-A89E-97D00E906E86}.Release|Any CPU.Build.0 = Release|Any CPU
	EndGlobalSection
	GlobalSection(SolutionProperties) = preSolution
		HideSolutionNode = FALSE
	EndGlobalSection
	GlobalSection(ExtensibilityGlobals) = postSolution
		SolutionGuid = {5AE538D9-5635-451D-B56E-F94B17375110}
	EndGlobalSection
EndGlobal
